
Microsoft Visual Studio Solution File, Format Version 12.00
# Visual Studio Version 16
VisualStudioVersion = 16.0.29215.179
MinimumVisualStudioVersion = 10.0.40219.1
Project("{9A19103F-16F7-4668-BE54-9A1E7A4F7556}") = "quotable.api", "quotable.api\quotable.api.csproj", "{55906F68-B244-455A-9E33-5A015CDDE33A}"
EndProject
Project("{9A19103F-16F7-4668-BE54-9A1E7A4F7556}") = "quotable.core.tests", "quotable.core.tests\quotable.core.tests.csproj", "{C4127063-9306-48F8-8E9E-3AB14B5D9E27}"
EndProject
Project("{9A19103F-16F7-4668-BE54-9A1E7A4F7556}") = "quotable.api.tests", "quotable.api.tests\quotable.api.tests.csproj", "{F6AAE5CA-962E-404F-BC97-3C7DC373A650}"
EndProject
Project("{FAE04EC0-301F-11D3-BF4B-00C04F79EFBC}") = "quotable.core", "quotable.core\quotable.core.csproj", "{0C443C88-082F-417D-BF77-12671454155D}"
EndProject
Project("{FAE04EC0-301F-11D3-BF4B-00C04F79EFBC}") = "quotable.console", "quotable.console\quotable.console.csproj", "{A2D7EBC3-6A38-4F28-8590-90D3EC49951D}"
EndProject
Global
	GlobalSection(SolutionConfigurationPlatforms) = preSolution
		Debug|Any CPU = Debug|Any CPU
		Release|Any CPU = Release|Any CPU
	EndGlobalSection
	GlobalSection(ProjectConfigurationPlatforms) = postSolution
		{55906F68-B244-455A-9E33-5A015CDDE33A}.Debug|Any CPU.ActiveCfg = Debug|Any CPU
		{55906F68-B244-455A-9E33-5A015CDDE33A}.Debug|Any CPU.Build.0 = Debug|Any CPU
		{55906F68-B244-455A-9E33-5A015CDDE33A}.Release|Any CPU.ActiveCfg = Release|Any CPU
		{55906F68-B244-455A-9E33-5A015CDDE33A}.Release|Any CPU.Build.0 = Release|Any CPU
		{C4127063-9306-48F8-8E9E-3AB14B5D9E27}.Debug|Any CPU.ActiveCfg = Debug|Any CPU
		{C4127063-9306-48F8-8E9E-3AB14B5D9E27}.Debug|Any CPU.Build.0 = Debug|Any CPU
		{C4127063-9306-48F8-8E9E-3AB14B5D9E27}.Release|Any CPU.ActiveCfg = Release|Any CPU
		{C4127063-9306-48F8-8E9E-3AB14B5D9E27}.Release|Any CPU.Build.0 = Release|Any CPU
		{F6AAE5CA-962E-404F-BC97-3C7DC373A650}.Debug|Any CPU.ActiveCfg = Debug|Any CPU
		{F6AAE5CA-962E-404F-BC97-3C7DC373A650}.Debug|Any CPU.Build.0 = Debug|Any CPU
		{F6AAE5CA-962E-404F-BC97-3C7DC373A650}.Release|Any CPU.ActiveCfg = Release|Any CPU
		{F6AAE5CA-962E-404F-BC97-3C7DC373A650}.Release|Any CPU.Build.0 = Release|Any CPU
		{0C443C88-082F-417D-BF77-12671454155D}.Debug|Any CPU.ActiveCfg = Debug|Any CPU
		{0C443C88-082F-417D-BF77-12671454155D}.Debug|Any CPU.Build.0 = Debug|Any CPU
		{0C443C88-082F-417D-BF77-12671454155D}.Release|Any CPU.ActiveCfg = Release|Any CPU
		{0C443C88-082F-417D-BF77-12671454155D}.Release|Any CPU.Build.0 = Release|Any CPU
		{A2D7EBC3-6A38-4F28-8590-90D3EC49951D}.Debug|Any CPU.ActiveCfg = Debug|Any CPU
		{A2D7EBC3-6A38-4F28-8590-90D3EC49951D}.Debug|Any CPU.Build.0 = Debug|Any CPU
		{A2D7EBC3-6A38-4F28-8590-90D3EC49951D}.Release|Any CPU.ActiveCfg = Release|Any CPU
		{A2D7EBC3-6A38-4F28-8590-90D3EC49951D}.Release|Any CPU.Build.0 = Release|Any CPU
	EndGlobalSection
	GlobalSection(SolutionProperties) = preSolution
		HideSolutionNode = FALSE
	EndGlobalSection
	GlobalSection(ExtensibilityGlobals) = postSolution
		SolutionGuid = {16BB261F-E6F0-4672-807C-37E62B307035}
	EndGlobalSection
EndGlobal
